
Microsoft Visual Studio Solution File, Format Version 12.00
# Visual Studio Version 16
VisualStudioVersion = 16.0.30406.217
MinimumVisualStudioVersion = 10.0.40219.1
Project("{FAE04EC0-301F-11D3-BF4B-00C04F79EFBC}") = "task_3", "task_3\task_3.csproj", "{5B28395C-FB8B-4F3A-A37A-9C2E5B5F4CC5}"
EndProject
Global
	GlobalSection(SolutionConfigurationPlatforms) = preSolution
		Debug|Any CPU = Debug|Any CPU
		Release|Any CPU = Release|Any CPU
	EndGlobalSection
	GlobalSection(ProjectConfigurationPlatforms) = postSolution
		{5B28395C-FB8B-4F3A-A37A-9C2E5B5F4CC5}.Debug|Any CPU.ActiveCfg = Debug|Any CPU
		{5B28395C-FB8B-4F3A-A37A-9C2E5B5F4CC5}.Debug|Any CPU.Build.0 = Debug|Any CPU
		{5B28395C-FB8B-4F3A-A37A-9C2E5B5F4CC5}.Release|Any CPU.ActiveCfg = Release|Any CPU
		{5B28395C-FB8B-4F3A-A37A-9C2E5B5F4CC5}.Release|Any CPU.Build.0 = Release|Any CPU
	EndGlobalSection
	GlobalSection(SolutionProperties) = preSolution
		HideSolutionNode = FALSE
	EndGlobalSection
	GlobalSection(ExtensibilityGlobals) = postSolution
		SolutionGuid = {5C63E8D9-7E65-4D95-A7CF-99684C240184}
	EndGlobalSection
EndGlobal
